
Microsoft Visual Studio Solution File, Format Version 12.00
# Visual Studio Version 17
VisualStudioVersion = 17.5.33502.453
MinimumVisualStudioVersion = 10.0.40219.1
Project("{FAE04EC0-301F-11D3-BF4B-00C04F79EFBC}") = "my-weprog-backend", "my-weprog-backend\my-weprog-backend.csproj", "{956D3284-9745-4685-840F-483FA26AAD2E}"
EndProject
Global
	GlobalSection(SolutionConfigurationPlatforms) = preSolution
		Debug|Any CPU = Debug|Any CPU
		Release|Any CPU = Release|Any CPU
	EndGlobalSection
	GlobalSection(ProjectConfigurationPlatforms) = postSolution
		{956D3284-9745-4685-840F-483FA26AAD2E}.Debug|Any CPU.ActiveCfg = Debug|Any CPU
		{956D3284-9745-4685-840F-483FA26AAD2E}.Debug|Any CPU.Build.0 = Debug|Any CPU
		{956D3284-9745-4685-840F-483FA26AAD2E}.Release|Any CPU.ActiveCfg = Release|Any CPU
		{956D3284-9745-4685-840F-483FA26AAD2E}.Release|Any CPU.Build.0 = Release|Any CPU
	EndGlobalSection
	GlobalSection(SolutionProperties) = preSolution
		HideSolutionNode = FALSE
	EndGlobalSection
	GlobalSection(ExtensibilityGlobals) = postSolution
		SolutionGuid = {3447B7BD-6F29-47F9-8A38-C519BEF4D59D}
	EndGlobalSection
EndGlobal
